
Microsoft Visual Studio Solution File, Format Version 12.00
# Visual Studio Version 16
VisualStudioVersion = 16.0.32901.82
MinimumVisualStudioVersion = 10.0.40219.1
Project("{FAE04EC0-301F-11D3-BF4B-00C04F79EFBC}") = "daiyaxuan-1201labApp", "daiyaxuan-1201labApp\daiyaxuan-1201labApp.csproj", "{B731BFA7-FB55-4F4C-A4A5-7FC4070B6AB2}"
EndProject
Project("{FAE04EC0-301F-11D3-BF4B-00C04F79EFBC}") = "LabAss2", "LabAss2\LabAss2.csproj", "{13997BBE-60A0-4533-BF41-995792DE8C03}"
EndProject
Project("{FAE04EC0-301F-11D3-BF4B-00C04F79EFBC}") = "LabAss3", "LabAss3\LabAss3.csproj", "{910D550F-5661-42D3-88EC-3BE899EF7F62}"
EndProject
Project("{FAE04EC0-301F-11D3-BF4B-00C04F79EFBC}") = "LabAss4", "LabAss4\LabAss4.csproj", "{FE5A8629-2E28-45CF-90F9-9AA552F8E0BF}"
EndProject
Global
	GlobalSection(SolutionConfigurationPlatforms) = preSolution
		Debug|Any CPU = Debug|Any CPU
		Release|Any CPU = Release|Any CPU
	EndGlobalSection
	GlobalSection(ProjectConfigurationPlatforms) = postSolution
		{B731BFA7-FB55-4F4C-A4A5-7FC4070B6AB2}.Debug|Any CPU.ActiveCfg = Debug|Any CPU
		{B731BFA7-FB55-4F4C-A4A5-7FC4070B6AB2}.Debug|Any CPU.Build.0 = Debug|Any CPU
		{B731BFA7-FB55-4F4C-A4A5-7FC4070B6AB2}.Release|Any CPU.ActiveCfg = Release|Any CPU
		{B731BFA7-FB55-4F4C-A4A5-7FC4070B6AB2}.Release|Any CPU.Build.0 = Release|Any CPU
		{13997BBE-60A0-4533-BF41-995792DE8C03}.Debug|Any CPU.ActiveCfg = Debug|Any CPU
		{13997BBE-60A0-4533-BF41-995792DE8C03}.Debug|Any CPU.Build.0 = Debug|Any CPU
		{13997BBE-60A0-4533-BF41-995792DE8C03}.Release|Any CPU.ActiveCfg = Release|Any CPU
		{13997BBE-60A0-4533-BF41-995792DE8C03}.Release|Any CPU.Build.0 = Release|Any CPU
		{910D550F-5661-42D3-88EC-3BE899EF7F62}.Debug|Any CPU.ActiveCfg = Debug|Any CPU
		{910D550F-5661-42D3-88EC-3BE899EF7F62}.Debug|Any CPU.Build.0 = Debug|Any CPU
		{910D550F-5661-42D3-88EC-3BE899EF7F62}.Release|Any CPU.ActiveCfg = Release|Any CPU
		{910D550F-5661-42D3-88EC-3BE899EF7F62}.Release|Any CPU.Build.0 = Release|Any CPU
		{FE5A8629-2E28-45CF-90F9-9AA552F8E0BF}.Debug|Any CPU.ActiveCfg = Debug|Any CPU
		{FE5A8629-2E28-45CF-90F9-9AA552F8E0BF}.Debug|Any CPU.Build.0 = Debug|Any CPU
		{FE5A8629-2E28-45CF-90F9-9AA552F8E0BF}.Release|Any CPU.ActiveCfg = Release|Any CPU
		{FE5A8629-2E28-45CF-90F9-9AA552F8E0BF}.Release|Any CPU.Build.0 = Release|Any CPU
	EndGlobalSection
	GlobalSection(SolutionProperties) = preSolution
		HideSolutionNode = FALSE
	EndGlobalSection
	GlobalSection(ExtensibilityGlobals) = postSolution
		SolutionGuid = {9367DA2E-30D8-4AD0-A4AA-1EFA3F9A715A}
	EndGlobalSection
EndGlobal
